// !$*UTF8*$!
{
	archiveVersion = 1;
	classes = {
	};
	objectVersion = 46;
	objects = {

/* Begin PBXBuildFile section */
		71F3271F1923870B00F3B13C /* Foundation.framework in Frameworks */ = {isa = PBXBuildFile; fileRef = 71F3271E1923870B00F3B13C /* Foundation.framework */; };
		71F327211923870B00F3B13C /* CoreGraphics.framework in Frameworks */ = {isa = PBXBuildFile; fileRef = 71F327201923870B00F3B13C /* CoreGraphics.framework */; };
		71F327231923870B00F3B13C /* UIKit.framework in Frameworks */ = {isa = PBXBuildFile; fileRef = 71F327221923870B00F3B13C /* UIKit.framework */; };
		71F327291923870B00F3B13C /* InfoPlist.strings in Resources */ = {isa = PBXBuildFile; fileRef = 71F327271923870B00F3B13C /* InfoPlist.strings */; };
		71F3272B1923870B00F3B13C /* main.m in Sources */ = {isa = PBXBuildFile; fileRef = 71F3272A1923870B00F3B13C /* main.m */; };
		71F3272F1923870B00F3B13C /* AppDelegate.m in Sources */ = {isa = PBXBuildFile; fileRef = 71F3272E1923870B00F3B13C /* AppDelegate.m */; };
		71F327321923870B00F3B13C /* RootViewController.m in Sources */ = {isa = PBXBuildFile; fileRef = 71F327311923870B00F3B13C /* RootViewController.m */; };
		71F327351923870B00F3B13C /* DataViewController.m in Sources */ = {isa = PBXBuildFile; fileRef = 71F327341923870B00F3B13C /* DataViewController.m */; };
		71F327381923870B00F3B13C /* ModelController.m in Sources */ = {isa = PBXBuildFile; fileRef = 71F327371923870B00F3B13C /* ModelController.m */; };
		71F3273B1923870B00F3B13C /* Main_iPhone.storyboard in Resources */ = {isa = PBXBuildFile; fileRef = 71F327391923870B00F3B13C /* Main_iPhone.storyboard */; };
		71F3273E1923870B00F3B13C /* Main_iPad.storyboard in Resources */ = {isa = PBXBuildFile; fileRef = 71F3273C1923870B00F3B13C /* Main_iPad.storyboard */; };
		71F327401923870B00F3B13C /* Images.xcassets in Resources */ = {isa = PBXBuildFile; fileRef = 71F3273F1923870B00F3B13C /* Images.xcassets */; };
		71F327471923870B00F3B13C /* XCTest.framework in Frameworks */ = {isa = PBXBuildFile; fileRef = 71F327461923870B00F3B13C /* XCTest.framework */; };
		71F327481923870B00F3B13C /* Foundation.framework in Frameworks */ = {isa = PBXBuildFile; fileRef = 71F3271E1923870B00F3B13C /* Foundation.framework */; };
		71F327491923870B00F3B13C /* UIKit.framework in Frameworks */ = {isa = PBXBuildFile; fileRef = 71F327221923870B00F3B13C /* UIKit.framework */; };
		71F327511923870B00F3B13C /* InfoPlist.strings in Resources */ = {isa = PBXBuildFile; fileRef = 71F3274F1923870B00F3B13C /* InfoPlist.strings */; };
		71F327531923870B00F3B13C /* RadioTests.m in Sources */ = {isa = PBXBuildFile; fileRef = 71F327521923870B00F3B13C /* RadioTests.m */; };
/* End PBXBuildFile section */

/* Begin PBXContainerItemProxy section */
		71F3274A1923870B00F3B13C /* PBXContainerItemProxy */ = {
			isa = PBXContainerItemProxy;
			containerPortal = 71F327131923870B00F3B13C /* Project object */;
			proxyType = 1;
			remoteGlobalIDString = 71F3271A1923870B00F3B13C;
			remoteInfo = Radio;
		};
/* End PBXContainerItemProxy section */

/* Begin PBXFileReference section */
		71F3271B1923870B00F3B13C /* Radio.app */ = {isa = PBXFileReference; explicitFileType = wrapper.application; includeInIndex = 0; path = Radio.app; sourceTree = BUILT_PRODUCTS_DIR; };
		71F3271E1923870B00F3B13C /* Foundation.framework */ = {isa = PBXFileReference; lastKnownFileType = wrapper.framework; name = Foundation.framework; path = System/Library/Frameworks/Foundation.framework; sourceTree = SDKROOT; };
		71F327201923870B00F3B13C /* CoreGraphics.framework */ = {isa = PBXFileReference; lastKnownFileType = wrapper.framework; name = CoreGraphics.framework; path = System/Library/Frameworks/CoreGraphics.framework; sourceTree = SDKROOT; };
		71F327221923870B00F3B13C /* UIKit.framework */ = {isa = PBXFileReference; lastKnownFileType = wrapper.framework; name = UIKit.framework; path = System/Library/Frameworks/UIKit.framework; sourceTree = SDKROOT; };
		71F327261923870B00F3B13C /* Radio-Info.plist */ = {isa = PBXFileReference; lastKnownFileType = text.plist.xml; path = "Radio-Info.plist"; sourceTree = "<group>"; };
		71F327281923870B00F3B13C /* en */ = {isa = PBXFileReference; lastKnownFileType = text.plist.strings; name = en; path = en.lproj/InfoPlist.strings; sourceTree = "<group>"; };
		71F3272A1923870B00F3B13C /* main.m */ = {isa = PBXFileReference; lastKnownFileType = sourcecode.c.objc; path = main.m; sourceTree = "<group>"; };
		71F3272C1923870B00F3B13C /* Radio-Prefix.pch */ = {isa = PBXFileReference; lastKnownFileType = sourcecode.c.h; path = "Radio-Prefix.pch"; sourceTree = "<group>"; };
		71F3272D1923870B00F3B13C /* AppDelegate.h */ = {isa = PBXFileReference; lastKnownFileType = sourcecode.c.h; path = AppDelegate.h; sourceTree = "<group>"; };
		71F3272E1923870B00F3B13C /* AppDelegate.m */ = {isa = PBXFileReference; lastKnownFileType = sourcecode.c.objc; path = AppDelegate.m; sourceTree = "<group>"; };
		71F327301923870B00F3B13C /* RootViewController.h */ = {isa = PBXFileReference; lastKnownFileType = sourcecode.c.h; path = RootViewController.h; sourceTree = "<group>"; };
		71F327311923870B00F3B13C /* RootViewController.m */ = {isa = PBXFileReference; lastKnownFileType = sourcecode.c.objc; path = RootViewController.m; sourceTree = "<group>"; };
		71F327331923870B00F3B13C /* DataViewController.h */ = {isa = PBXFileReference; lastKnownFileType = sourcecode.c.h; path = DataViewController.h; sourceTree = "<group>"; };
		71F327341923870B00F3B13C /* DataViewController.m */ = {isa = PBXFileReference; lastKnownFileType = sourcecode.c.objc; path = DataViewController.m; sourceTree = "<group>"; };
		71F327361923870B00F3B13C /* ModelController.h */ = {isa = PBXFileReference; lastKnownFileType = sourcecode.c.h; path = ModelController.h; sourceTree = "<group>"; };
		71F327371923870B00F3B13C /* ModelController.m */ = {isa = PBXFileReference; lastKnownFileType = sourcecode.c.objc; path = ModelController.m; sourceTree = "<group>"; };
		71F3273A1923870B00F3B13C /* Base */ = {isa = PBXFileReference; lastKnownFileType = file.storyboard; name = Base; path = Base.lproj/Main_iPhone.storyboard; sourceTree = "<group>"; };
		71F3273D1923870B00F3B13C /* Base */ = {isa = PBXFileReference; lastKnownFileType = file.storyboard; name = Base; path = Base.lproj/Main_iPad.storyboard; sourceTree = "<group>"; };
		71F3273F1923870B00F3B13C /* Images.xcassets */ = {isa = PBXFileReference; lastKnownFileType = folder.assetcatalog; path = Images.xcassets; sourceTree = "<group>"; };
		71F327451923870B00F3B13C /* RadioTests.xctest */ = {isa = PBXFileReference; explicitFileType = wrapper.cfbundle; includeInIndex = 0; path = RadioTests.xctest; sourceTree = BUILT_PRODUCTS_DIR; };
		71F327461923870B00F3B13C /* XCTest.framework */ = {isa = PBXFileReference; lastKnownFileType = wrapper.framework; name = XCTest.framework; path = Library/Frameworks/XCTest.framework; sourceTree = DEVELOPER_DIR; };
		71F3274E1923870B00F3B13C /* RadioTests-Info.plist */ = {isa = PBXFileReference; lastKnownFileType = text.plist.xml; path = "RadioTests-Info.plist"; sourceTree = "<group>"; };
		71F327501923870B00F3B13C /* en */ = {isa = PBXFileReference; lastKnownFileType = text.plist.strings; name = en; path = en.lproj/InfoPlist.strings; sourceTree = "<group>"; };
		71F327521923870B00F3B13C /* RadioTests.m */ = {isa = PBXFileReference; lastKnownFileType = sourcecode.c.objc; path = RadioTests.m; sourceTree = "<group>"; };
/* End PBXFileReference section */

/* Begin PBXFrameworksBuildPhase section */
		71F327181923870B00F3B13C /* Frameworks */ = {
			isa = PBXFrameworksBuildPhase;
			buildActionMask = 2147483647;
			files = (
				71F327211923870B00F3B13C /* CoreGraphics.framework in Frameworks */,
				71F327231923870B00F3B13C /* UIKit.framework in Frameworks */,
				71F3271F1923870B00F3B13C /* Foundation.framework in Frameworks */,
			);
			runOnlyForDeploymentPostprocessing = 0;
		};
		71F327421923870B00F3B13C /* Frameworks */ = {
			isa = PBXFrameworksBuildPhase;
			buildActionMask = 2147483647;
			files = (
				71F327471923870B00F3B13C /* XCTest.framework in Frameworks */,
				71F327491923870B00F3B13C /* UIKit.framework in Frameworks */,
				71F327481923870B00F3B13C /* Foundation.framework in Frameworks */,
			);
			runOnlyForDeploymentPostprocessing = 0;
		};
/* End PBXFrameworksBuildPhase section */

/* Begin PBXGroup section */
		71F327121923870B00F3B13C = {
			isa = PBXGroup;
			children = (
				71F327241923870B00F3B13C /* Radio */,
				71F3274C1923870B00F3B13C /* RadioTests */,
				71F3271D1923870B00F3B13C /* Frameworks */,
				71F3271C1923870B00F3B13C /* Products */,
			);
			sourceTree = "<group>";
		};
		71F3271C1923870B00F3B13C /* Products */ = {
			isa = PBXGroup;
			children = (
				71F3271B1923870B00F3B13C /* Radio.app */,
				71F327451923870B00F3B13C /* RadioTests.xctest */,
			);
			name = Products;
			sourceTree = "<group>";
		};
		71F3271D1923870B00F3B13C /* Frameworks */ = {
			isa = PBXGroup;
			children = (
				71F3271E1923870B00F3B13C /* Foundation.framework */,
				71F327201923870B00F3B13C /* CoreGraphics.framework */,
				71F327221923870B00F3B13C /* UIKit.framework */,
				71F327461923870B00F3B13C /* XCTest.framework */,
			);
			name = Frameworks;
			sourceTree = "<group>";
		};
		71F327241923870B00F3B13C /* Radio */ = {
			isa = PBXGroup;
			children = (
				71F3272D1923870B00F3B13C /* AppDelegate.h */,
				71F3272E1923870B00F3B13C /* AppDelegate.m */,
				71F327301923870B00F3B13C /* RootViewController.h */,
				71F327311923870B00F3B13C /* RootViewController.m */,
				71F327331923870B00F3B13C /* DataViewController.h */,
				71F327341923870B00F3B13C /* DataViewController.m */,
				71F327361923870B00F3B13C /* ModelController.h */,
				71F327371923870B00F3B13C /* ModelController.m */,
				71F327391923870B00F3B13C /* Main_iPhone.storyboard */,
				71F3273C1923870B00F3B13C /* Main_iPad.storyboard */,
				71F3273F1923870B00F3B13C /* Images.xcassets */,
				71F327251923870B00F3B13C /* Supporting Files */,
			);
			path = Radio;
			sourceTree = "<group>";
		};
		71F327251923870B00F3B13C /* Supporting Files */ = {
			isa = PBXGroup;
			children = (
				71F327261923870B00F3B13C /* Radio-Info.plist */,
				71F327271923870B00F3B13C /* InfoPlist.strings */,
				71F3272A1923870B00F3B13C /* main.m */,
				71F3272C1923870B00F3B13C /* Radio-Prefix.pch */,
			);
			name = "Supporting Files";
			sourceTree = "<group>";
		};
		71F3274C1923870B00F3B13C /* RadioTests */ = {
			isa = PBXGroup;
			children = (
				71F327521923870B00F3B13C /* RadioTests.m */,
				71F3274D1923870B00F3B13C /* Supporting Files */,
			);
			path = RadioTests;
			sourceTree = "<group>";
		};
		71F3274D1923870B00F3B13C /* Supporting Files */ = {
			isa = PBXGroup;
			children = (
				71F3274E1923870B00F3B13C /* RadioTests-Info.plist */,
				71F3274F1923870B00F3B13C /* InfoPlist.strings */,
			);
			name = "Supporting Files";
			sourceTree = "<group>";
		};
/* End PBXGroup section */

/* Begin PBXNativeTarget section */
		71F3271A1923870B00F3B13C /* Radio */ = {
			isa = PBXNativeTarget;
			buildConfigurationList = 71F327561923870B00F3B13C /* Build configuration list for PBXNativeTarget "Radio" */;
			buildPhases = (
				71F327171923870B00F3B13C /* Sources */,
				71F327181923870B00F3B13C /* Frameworks */,
				71F327191923870B00F3B13C /* Resources */,
			);
			buildRules = (
			);
			dependencies = (
			);
			name = Radio;
			productName = Radio;
			productReference = 71F3271B1923870B00F3B13C /* Radio.app */;
			productType = "com.apple.product-type.application";
		};
		71F327441923870B00F3B13C /* RadioTests */ = {
			isa = PBXNativeTarget;
			buildConfigurationList = 71F327591923870B00F3B13C /* Build configuration list for PBXNativeTarget "RadioTests" */;
			buildPhases = (
				71F327411923870B00F3B13C /* Sources */,
				71F327421923870B00F3B13C /* Frameworks */,
				71F327431923870B00F3B13C /* Resources */,
			);
			buildRules = (
			);
			dependencies = (
				71F3274B1923870B00F3B13C /* PBXTargetDependency */,
			);
			name = RadioTests;
			productName = RadioTests;
			productReference = 71F327451923870B00F3B13C /* RadioTests.xctest */;
			productType = "com.apple.product-type.bundle.unit-test";
		};
/* End PBXNativeTarget section */

/* Begin PBXProject section */
		71F327131923870B00F3B13C /* Project object */ = {
			isa = PBXProject;
			attributes = {
				LastUpgradeCheck = 0510;
				ORGANIZATIONNAME = R/a/dio;
				TargetAttributes = {
					71F327441923870B00F3B13C = {
						TestTargetID = 71F3271A1923870B00F3B13C;
					};
				};
			};
			buildConfigurationList = 71F327161923870B00F3B13C /* Build configuration list for PBXProject "Radio" */;
			compatibilityVersion = "Xcode 3.2";
			developmentRegion = English;
			hasScannedForEncodings = 0;
			knownRegions = (
				en,
				Base,
			);
			mainGroup = 71F327121923870B00F3B13C;
			productRefGroup = 71F3271C1923870B00F3B13C /* Products */;
			projectDirPath = "";
			projectRoot = "";
			targets = (
				71F3271A1923870B00F3B13C /* Radio */,
				71F327441923870B00F3B13C /* RadioTests */,
			);
		};
/* End PBXProject section */

/* Begin PBXResourcesBuildPhase section */
		71F327191923870B00F3B13C /* Resources */ = {
			isa = PBXResourcesBuildPhase;
			buildActionMask = 2147483647;
			files = (
				71F3273E1923870B00F3B13C /* Main_iPad.storyboard in Resources */,
				71F327401923870B00F3B13C /* Images.xcassets in Resources */,
				71F3273B1923870B00F3B13C /* Main_iPhone.storyboard in Resources */,
				71F327291923870B00F3B13C /* InfoPlist.strings in Resources */,
			);
			runOnlyForDeploymentPostprocessing = 0;
		};
		71F327431923870B00F3B13C /* Resources */ = {
			isa = PBXResourcesBuildPhase;
			buildActionMask = 2147483647;
			files = (
				71F327511923870B00F3B13C /* InfoPlist.strings in Resources */,
			);
			runOnlyForDeploymentPostprocessing = 0;
		};
/* End PBXResourcesBuildPhase section */

/* Begin PBXSourcesBuildPhase section */
		71F327171923870B00F3B13C /* Sources */ = {
			isa = PBXSourcesBuildPhase;
			buildActionMask = 2147483647;
			files = (
				71F327351923870B00F3B13C /* DataViewController.m in Sources */,
				71F3272F1923870B00F3B13C /* AppDelegate.m in Sources */,
				71F327381923870B00F3B13C /* ModelController.m in Sources */,
				71F3272B1923870B00F3B13C /* main.m in Sources */,
				71F327321923870B00F3B13C /* RootViewController.m in Sources */,
			);
			runOnlyForDeploymentPostprocessing = 0;
		};
		71F327411923870B00F3B13C /* Sources */ = {
			isa = PBXSourcesBuildPhase;
			buildActionMask = 2147483647;
			files = (
				71F327531923870B00F3B13C /* RadioTests.m in Sources */,
			);
			runOnlyForDeploymentPostprocessing = 0;
		};
/* End PBXSourcesBuildPhase section */

/* Begin PBXTargetDependency section */
		71F3274B1923870B00F3B13C /* PBXTargetDependency */ = {
			isa = PBXTargetDependency;
			target = 71F3271A1923870B00F3B13C /* Radio */;
			targetProxy = 71F3274A1923870B00F3B13C /* PBXContainerItemProxy */;
		};
/* End PBXTargetDependency section */

/* Begin PBXVariantGroup section */
		71F327271923870B00F3B13C /* InfoPlist.strings */ = {
			isa = PBXVariantGroup;
			children = (
				71F327281923870B00F3B13C /* en */,
			);
			name = InfoPlist.strings;
			sourceTree = "<group>";
		};
		71F327391923870B00F3B13C /* Main_iPhone.storyboard */ = {
			isa = PBXVariantGroup;
			children = (
				71F3273A1923870B00F3B13C /* Base */,
			);
			name = Main_iPhone.storyboard;
			sourceTree = "<group>";
		};
		71F3273C1923870B00F3B13C /* Main_iPad.storyboard */ = {
			isa = PBXVariantGroup;
			children = (
				71F3273D1923870B00F3B13C /* Base */,
			);
			name = Main_iPad.storyboard;
			sourceTree = "<group>";
		};
		71F3274F1923870B00F3B13C /* InfoPlist.strings */ = {
			isa = PBXVariantGroup;
			children = (
				71F327501923870B00F3B13C /* en */,
			);
			name = InfoPlist.strings;
			sourceTree = "<group>";
		};
/* End PBXVariantGroup section */

/* Begin XCBuildConfiguration section */
		71F327541923870B00F3B13C /* Debug */ = {
			isa = XCBuildConfiguration;
			buildSettings = {
				ALWAYS_SEARCH_USER_PATHS = NO;
				CLANG_CXX_LANGUAGE_STANDARD = "gnu++0x";
				CLANG_CXX_LIBRARY = "libc++";
				CLANG_ENABLE_MODULES = YES;
				CLANG_ENABLE_OBJC_ARC = YES;
				CLANG_WARN_BOOL_CONVERSION = YES;
				CLANG_WARN_CONSTANT_CONVERSION = YES;
				CLANG_WARN_DIRECT_OBJC_ISA_USAGE = YES_ERROR;
				CLANG_WARN_EMPTY_BODY = YES;
				CLANG_WARN_ENUM_CONVERSION = YES;
				CLANG_WARN_INT_CONVERSION = YES;
				CLANG_WARN_OBJC_ROOT_CLASS = YES_ERROR;
				CLANG_WARN__DUPLICATE_METHOD_MATCH = YES;
				"CODE_SIGN_IDENTITY[sdk=iphoneos*]" = "iPhone Developer";
				COPY_PHASE_STRIP = NO;
				GCC_C_LANGUAGE_STANDARD = gnu99;
				GCC_DYNAMIC_NO_PIC = NO;
				GCC_OPTIMIZATION_LEVEL = 0;
				GCC_PREPROCESSOR_DEFINITIONS = (
					"DEBUG=1",
					"$(inherited)",
				);
				GCC_SYMBOLS_PRIVATE_EXTERN = NO;
				GCC_WARN_64_TO_32_BIT_CONVERSION = YES;
				GCC_WARN_ABOUT_RETURN_TYPE = YES_ERROR;
				GCC_WARN_UNDECLARED_SELECTOR = YES;
				GCC_WARN_UNINITIALIZED_AUTOS = YES_AGGRESSIVE;
				GCC_WARN_UNUSED_FUNCTION = YES;
				GCC_WARN_UNUSED_VARIABLE = YES;
				IPHONEOS_DEPLOYMENT_TARGET = 7.1;
				ONLY_ACTIVE_ARCH = YES;
				SDKROOT = iphoneos;
				TARGETED_DEVICE_FAMILY = "1,2";
			};
			name = Debug;
		};
		71F327551923870B00F3B13C /* Release */ = {
			isa = XCBuildConfiguration;
			buildSettings = {
				ALWAYS_SEARCH_USER_PATHS = NO;
				CLANG_CXX_LANGUAGE_STANDARD = "gnu++0x";
				CLANG_CXX_LIBRARY = "libc++";
				CLANG_ENABLE_MODULES = YES;
				CLANG_ENABLE_OBJC_ARC = YES;
				CLANG_WARN_BOOL_CONVERSION = YES;
				CLANG_WARN_CONSTANT_CONVERSION = YES;
				CLANG_WARN_DIRECT_OBJC_ISA_USAGE = YES_ERROR;
				CLANG_WARN_EMPTY_BODY = YES;
				CLANG_WARN_ENUM_CONVERSION = YES;
				CLANG_WARN_INT_CONVERSION = YES;
				CLANG_WARN_OBJC_ROOT_CLASS = YES_ERROR;
				CLANG_WARN__DUPLICATE_METHOD_MATCH = YES;
				"CODE_SIGN_IDENTITY[sdk=iphoneos*]" = "iPhone Developer";
				COPY_PHASE_STRIP = YES;
				ENABLE_NS_ASSERTIONS = NO;
				GCC_C_LANGUAGE_STANDARD = gnu99;
				GCC_WARN_64_TO_32_BIT_CONVERSION = YES;
				GCC_WARN_ABOUT_RETURN_TYPE = YES_ERROR;
				GCC_WARN_UNDECLARED_SELECTOR = YES;
				GCC_WARN_UNINITIALIZED_AUTOS = YES_AGGRESSIVE;
				GCC_WARN_UNUSED_FUNCTION = YES;
				GCC_WARN_UNUSED_VARIABLE = YES;
				IPHONEOS_DEPLOYMENT_TARGET = 7.1;
				SDKROOT = iphoneos;
				TARGETED_DEVICE_FAMILY = "1,2";
				VALIDATE_PRODUCT = YES;
			};
			name = Release;
		};
		71F327571923870B00F3B13C /* Debug */ = {
			isa = XCBuildConfiguration;
			buildSettings = {
				ASSETCATALOG_COMPILER_APPICON_NAME = AppIcon;
				ASSETCATALOG_COMPILER_LAUNCHIMAGE_NAME = LaunchImage;
				GCC_PRECOMPILE_PREFIX_HEADER = YES;
				GCC_PREFIX_HEADER = "Radio/Radio-Prefix.pch";
				INFOPLIST_FILE = "Radio/Radio-Info.plist";
				PRODUCT_NAME = "$(TARGET_NAME)";
				WRAPPER_EXTENSION = app;
			};
			name = Debug;
		};
		71F327581923870B00F3B13C /* Release */ = {
			isa = XCBuildConfiguration;
			buildSettings = {
				ASSETCATALOG_COMPILER_APPICON_NAME = AppIcon;
				ASSETCATALOG_COMPILER_LAUNCHIMAGE_NAME = LaunchImage;
				GCC_PRECOMPILE_PREFIX_HEADER = YES;
				GCC_PREFIX_HEADER = "Radio/Radio-Prefix.pch";
				INFOPLIST_FILE = "Radio/Radio-Info.plist";
				PRODUCT_NAME = "$(TARGET_NAME)";
				WRAPPER_EXTENSION = app;
			};
			name = Release;
		};
		71F3275A1923870B00F3B13C /* Debug */ = {
			isa = XCBuildConfiguration;
			buildSettings = {
				BUNDLE_LOADER = "$(BUILT_PRODUCTS_DIR)/Radio.app/Radio";
				FRAMEWORK_SEARCH_PATHS = (
					"$(SDKROOT)/Developer/Library/Frameworks",
					"$(inherited)",
					"$(DEVELOPER_FRAMEWORKS_DIR)",
				);
				GCC_PRECOMPILE_PREFIX_HEADER = YES;
				GCC_PREFIX_HEADER = "Radio/Radio-Prefix.pch";
				GCC_PREPROCESSOR_DEFINITIONS = (
					"DEBUG=1",
					"$(inherited)",
				);
				INFOPLIST_FILE = "RadioTests/RadioTests-Info.plist";
				PRODUCT_NAME = "$(TARGET_NAME)";
				TEST_HOST = "$(BUNDLE_LOADER)";
				WRAPPER_EXTENSION = xctest;
			};
			name = Debug;
		};
		71F3275B1923870B00F3B13C /* Release */ = {
			isa = XCBuildConfiguration;
			buildSettings = {
				BUNDLE_LOADER = "$(BUILT_PRODUCTS_DIR)/Radio.app/Radio";
				FRAMEWORK_SEARCH_PATHS = (
					"$(SDKROOT)/Developer/Library/Frameworks",
					"$(inherited)",
					"$(DEVELOPER_FRAMEWORKS_DIR)",
				);
				GCC_PRECOMPILE_PREFIX_HEADER = YES;
				GCC_PREFIX_HEADER = "Radio/Radio-Prefix.pch";
				INFOPLIST_FILE = "RadioTests/RadioTests-Info.plist";
				PRODUCT_NAME = "$(TARGET_NAME)";
				TEST_HOST = "$(BUNDLE_LOADER)";
				WRAPPER_EXTENSION = xctest;
			};
			name = Release;
		};
/* End XCBuildConfiguration section */

/* Begin XCConfigurationList section */
		71F327161923870B00F3B13C /* Build configuration list for PBXProject "Radio" */ = {
			isa = XCConfigurationList;
			buildConfigurations = (
				71F327541923870B00F3B13C /* Debug */,
				71F327551923870B00F3B13C /* Release */,
			);
			defaultConfigurationIsVisible = 0;
			defaultConfigurationName = Release;
		};
		71F327561923870B00F3B13C /* Build configuration list for PBXNativeTarget "Radio" */ = {
			isa = XCConfigurationList;
			buildConfigurations = (
				71F327571923870B00F3B13C /* Debug */,
				71F327581923870B00F3B13C /* Release */,
			);
			defaultConfigurationIsVisible = 0;
		};
		71F327591923870B00F3B13C /* Build configuration list for PBXNativeTarget "RadioTests" */ = {
			isa = XCConfigurationList;
			buildConfigurations = (
				71F3275A1923870B00F3B13C /* Debug */,
				71F3275B1923870B00F3B13C /* Release */,
			);
			defaultConfigurationIsVisible = 0;
		};
/* End XCConfigurationList section */
	};
	rootObject = 71F327131923870B00F3B13C /* Project object */;
}
