PODS:
  - FreeStreamer (3.5.8):
    - Reachability (~> 3.0)
  - Reachability (3.2)
  - SwiftGifOrigin (1.5.3)

DEPENDENCIES:
  - FreeStreamer
  - SwiftGifOrigin

SPEC CHECKSUMS:
  FreeStreamer: 61471ef4a1934c67de7ec152adb91ca8fff8318f
  Reachability: 33e18b67625424e47b6cde6d202dce689ad7af96
  SwiftGifOrigin: 893ebcceabe215a00b607328b5322b4e228347e5

PODFILE CHECKSUM: 818c0986ef0450dcefb668071384c912fe51fd92

COCOAPODS: 1.0.1
